
Microsoft Visual Studio Solution File, Format Version 12.00
# Visual Studio Version 16
VisualStudioVersion = 16.0.29806.167
MinimumVisualStudioVersion = 10.0.40219.1
Project("{8BC9CEB8-8B4A-11D0-8D11-00A0C91BC942}") = "topologyserver", "topologyserver.vcxproj", "{F7F9313C-D459-4E85-BD8C-996538567AFA}"
EndProject
Global
	GlobalSection(SolutionConfigurationPlatforms) = preSolution
		Debug|ARM = Debug|ARM
		Debug|ARM64 = Debug|ARM64
		Debug|x64 = Debug|x64
		Debug|x86 = Debug|x86
		Release|ARM = Release|ARM
		Release|ARM64 = Release|ARM64
		Release|x64 = Release|x64
		Release|x86 = Release|x86
	EndGlobalSection
	GlobalSection(ProjectConfigurationPlatforms) = postSolution
		{F7F9313C-D459-4E85-BD8C-996538567AFA}.Debug|ARM.ActiveCfg = Debug|ARM
		{F7F9313C-D459-4E85-BD8C-996538567AFA}.Debug|ARM.Build.0 = Debug|ARM
		{F7F9313C-D459-4E85-BD8C-996538567AFA}.Debug|ARM.Deploy.0 = Debug|ARM
		{F7F9313C-D459-4E85-BD8C-996538567AFA}.Debug|ARM64.ActiveCfg = Debug|ARM64
		{F7F9313C-D459-4E85-BD8C-996538567AFA}.Debug|ARM64.Build.0 = Debug|ARM64
		{F7F9313C-D459-4E85-BD8C-996538567AFA}.Debug|ARM64.Deploy.0 = Debug|ARM64
		{F7F9313C-D459-4E85-BD8C-996538567AFA}.Debug|x64.ActiveCfg = Debug|x64
		{F7F9313C-D459-4E85-BD8C-996538567AFA}.Debug|x64.Build.0 = Debug|x64
		{F7F9313C-D459-4E85-BD8C-996538567AFA}.Debug|x64.Deploy.0 = Debug|x64
		{F7F9313C-D459-4E85-BD8C-996538567AFA}.Debug|x86.ActiveCfg = Debug|x86
		{F7F9313C-D459-4E85-BD8C-996538567AFA}.Debug|x86.Build.0 = Debug|x86
		{F7F9313C-D459-4E85-BD8C-996538567AFA}.Debug|x86.Deploy.0 = Debug|x86
		{F7F9313C-D459-4E85-BD8C-996538567AFA}.Release|ARM.ActiveCfg = Release|ARM
		{F7F9313C-D459-4E85-BD8C-996538567AFA}.Release|ARM.Build.0 = Release|ARM
		{F7F9313C-D459-4E85-BD8C-996538567AFA}.Release|ARM.Deploy.0 = Release|ARM
		{F7F9313C-D459-4E85-BD8C-996538567AFA}.Release|ARM64.ActiveCfg = Release|ARM64
		{F7F9313C-D459-4E85-BD8C-996538567AFA}.Release|ARM64.Build.0 = Release|ARM64
		{F7F9313C-D459-4E85-BD8C-996538567AFA}.Release|ARM64.Deploy.0 = Release|ARM64
		{F7F9313C-D459-4E85-BD8C-996538567AFA}.Release|x64.ActiveCfg = Release|x64
		{F7F9313C-D459-4E85-BD8C-996538567AFA}.Release|x64.Build.0 = Release|x64
		{F7F9313C-D459-4E85-BD8C-996538567AFA}.Release|x64.Deploy.0 = Release|x64
		{F7F9313C-D459-4E85-BD8C-996538567AFA}.Release|x86.ActiveCfg = Release|x86
		{F7F9313C-D459-4E85-BD8C-996538567AFA}.Release|x86.Build.0 = Release|x86
		{F7F9313C-D459-4E85-BD8C-996538567AFA}.Release|x86.Deploy.0 = Release|x86
	EndGlobalSection
	GlobalSection(SolutionProperties) = preSolution
		HideSolutionNode = FALSE
	EndGlobalSection
	GlobalSection(ExtensibilityGlobals) = postSolution
		SolutionGuid = {5F1493C7-D445-4FD5-AC61-A856F0032E57}
	EndGlobalSection
EndGlobal
